
Microsoft Visual Studio Solution File, Format Version 12.00
# Visual Studio Version 16
VisualStudioVersion = 16.0.30621.155
MinimumVisualStudioVersion = 10.0.40219.1
Project("{FAE04EC0-301F-11D3-BF4B-00C04F79EFBC}") = "ParkingChargeCalculator", "ParkingChargeCalculator\ParkingChargeCalculator.csproj", "{5FD7009D-FFE6-4A83-85CA-AE8F0BFC8FCA}"
EndProject
Project("{FAE04EC0-301F-11D3-BF4B-00C04F79EFBC}") = "ParkingChargeTests", "ParkingChargeTests\ParkingChargeTests.csproj", "{2688562E-8ACF-4509-AD47-AA98960AB60F}"
EndProject
Global
	GlobalSection(SolutionConfigurationPlatforms) = preSolution
		Debug|Any CPU = Debug|Any CPU
		Release|Any CPU = Release|Any CPU
	EndGlobalSection
	GlobalSection(ProjectConfigurationPlatforms) = postSolution
		{5FD7009D-FFE6-4A83-85CA-AE8F0BFC8FCA}.Debug|Any CPU.ActiveCfg = Debug|Any CPU
		{5FD7009D-FFE6-4A83-85CA-AE8F0BFC8FCA}.Debug|Any CPU.Build.0 = Debug|Any CPU
		{5FD7009D-FFE6-4A83-85CA-AE8F0BFC8FCA}.Release|Any CPU.ActiveCfg = Release|Any CPU
		{5FD7009D-FFE6-4A83-85CA-AE8F0BFC8FCA}.Release|Any CPU.Build.0 = Release|Any CPU
		{2688562E-8ACF-4509-AD47-AA98960AB60F}.Debug|Any CPU.ActiveCfg = Debug|Any CPU
		{2688562E-8ACF-4509-AD47-AA98960AB60F}.Debug|Any CPU.Build.0 = Debug|Any CPU
		{2688562E-8ACF-4509-AD47-AA98960AB60F}.Release|Any CPU.ActiveCfg = Release|Any CPU
		{2688562E-8ACF-4509-AD47-AA98960AB60F}.Release|Any CPU.Build.0 = Release|Any CPU
	EndGlobalSection
	GlobalSection(SolutionProperties) = preSolution
		HideSolutionNode = FALSE
	EndGlobalSection
	GlobalSection(ExtensibilityGlobals) = postSolution
		SolutionGuid = {9C517065-AE99-467E-865B-67151C9C5796}
	EndGlobalSection
EndGlobal
